
Microsoft Visual Studio Solution File, Format Version 12.00
# Visual Studio 15
VisualStudioVersion = 15.0.27004.2008
MinimumVisualStudioVersion = 10.0.40219.1
Project("{D954291E-2A0B-460D-934E-DC6B0785DB48}") = "student", "student\student\student.shproj", "{18CE884D-784B-4099-B955-7D295A5E8C4F}"
EndProject
Project("{FAE04EC0-301F-11D3-BF4B-00C04F79EFBC}") = "student.Android", "student\student.Android\student.Android.csproj", "{6E774576-E617-498C-A26E-134490C9474A}"
EndProject
Project("{FAE04EC0-301F-11D3-BF4B-00C04F79EFBC}") = "student.iOS", "student\student.iOS\student.iOS.csproj", "{EBBA5B70-C7F7-4AE2-A100-5CA26BA67634}"
EndProject
Project("{FAE04EC0-301F-11D3-BF4B-00C04F79EFBC}") = "student.UWP", "student\student.UWP\student.UWP.csproj", "{990B09BC-A6CB-4447-A2A6-09B128D3A479}"
EndProject
Global
	GlobalSection(SharedMSBuildProjectFiles) = preSolution
		student\student\student.projitems*{18ce884d-784b-4099-b955-7d295a5e8c4f}*SharedItemsImports = 13
		student\student\student.projitems*{6e774576-e617-498c-a26e-134490c9474a}*SharedItemsImports = 4
		student\student\student.projitems*{990b09bc-a6cb-4447-a2a6-09b128d3a479}*SharedItemsImports = 4
		student\student\student.projitems*{ebba5b70-c7f7-4ae2-a100-5ca26ba67634}*SharedItemsImports = 4
	EndGlobalSection
	GlobalSection(SolutionConfigurationPlatforms) = preSolution
		Ad-Hoc|Any CPU = Ad-Hoc|Any CPU
		Ad-Hoc|ARM = Ad-Hoc|ARM
		Ad-Hoc|iPhone = Ad-Hoc|iPhone
		Ad-Hoc|iPhoneSimulator = Ad-Hoc|iPhoneSimulator
		Ad-Hoc|x64 = Ad-Hoc|x64
		Ad-Hoc|x86 = Ad-Hoc|x86
		AppStore|Any CPU = AppStore|Any CPU
		AppStore|ARM = AppStore|ARM
		AppStore|iPhone = AppStore|iPhone
		AppStore|iPhoneSimulator = AppStore|iPhoneSimulator
		AppStore|x64 = AppStore|x64
		AppStore|x86 = AppStore|x86
		Debug|Any CPU = Debug|Any CPU
		Debug|ARM = Debug|ARM
		Debug|iPhone = Debug|iPhone
		Debug|iPhoneSimulator = Debug|iPhoneSimulator
		Debug|x64 = Debug|x64
		Debug|x86 = Debug|x86
		Release|Any CPU = Release|Any CPU
		Release|ARM = Release|ARM
		Release|iPhone = Release|iPhone
		Release|iPhoneSimulator = Release|iPhoneSimulator
		Release|x64 = Release|x64
		Release|x86 = Release|x86
	EndGlobalSection
	GlobalSection(ProjectConfigurationPlatforms) = postSolution
		{6E774576-E617-498C-A26E-134490C9474A}.Ad-Hoc|Any CPU.ActiveCfg = Release|Any CPU
		{6E774576-E617-498C-A26E-134490C9474A}.Ad-Hoc|Any CPU.Build.0 = Release|Any CPU
		{6E774576-E617-498C-A26E-134490C9474A}.Ad-Hoc|Any CPU.Deploy.0 = Release|Any CPU
		{6E774576-E617-498C-A26E-134490C9474A}.Ad-Hoc|ARM.ActiveCfg = Release|Any CPU
		{6E774576-E617-498C-A26E-134490C9474A}.Ad-Hoc|ARM.Build.0 = Release|Any CPU
		{6E774576-E617-498C-A26E-134490C9474A}.Ad-Hoc|ARM.Deploy.0 = Release|Any CPU
		{6E774576-E617-498C-A26E-134490C9474A}.Ad-Hoc|iPhone.ActiveCfg = Release|Any CPU
		{6E774576-E617-498C-A26E-134490C9474A}.Ad-Hoc|iPhone.Build.0 = Release|Any CPU
		{6E774576-E617-498C-A26E-134490C9474A}.Ad-Hoc|iPhone.Deploy.0 = Release|Any CPU
		{6E774576-E617-498C-A26E-134490C9474A}.Ad-Hoc|iPhoneSimulator.ActiveCfg = Release|Any CPU
		{6E774576-E617-498C-A26E-134490C9474A}.Ad-Hoc|iPhoneSimulator.Build.0 = Release|Any CPU
		{6E774576-E617-498C-A26E-134490C9474A}.Ad-Hoc|iPhoneSimulator.Deploy.0 = Release|Any CPU
		{6E774576-E617-498C-A26E-134490C9474A}.Ad-Hoc|x64.ActiveCfg = Release|Any CPU
		{6E774576-E617-498C-A26E-134490C9474A}.Ad-Hoc|x64.Build.0 = Release|Any CPU
		{6E774576-E617-498C-A26E-134490C9474A}.Ad-Hoc|x64.Deploy.0 = Release|Any CPU
		{6E774576-E617-498C-A26E-134490C9474A}.Ad-Hoc|x86.ActiveCfg = Release|Any CPU
		{6E774576-E617-498C-A26E-134490C9474A}.Ad-Hoc|x86.Build.0 = Release|Any CPU
		{6E774576-E617-498C-A26E-134490C9474A}.Ad-Hoc|x86.Deploy.0 = Release|Any CPU
		{6E774576-E617-498C-A26E-134490C9474A}.AppStore|Any CPU.ActiveCfg = Release|Any CPU
		{6E774576-E617-498C-A26E-134490C9474A}.AppStore|Any CPU.Build.0 = Release|Any CPU
		{6E774576-E617-498C-A26E-134490C9474A}.AppStore|Any CPU.Deploy.0 = Release|Any CPU
		{6E774576-E617-498C-A26E-134490C9474A}.AppStore|ARM.ActiveCfg = Release|Any CPU
		{6E774576-E617-498C-A26E-134490C9474A}.AppStore|ARM.Build.0 = Release|Any CPU
		{6E774576-E617-498C-A26E-134490C9474A}.AppStore|ARM.Deploy.0 = Release|Any CPU
		{6E774576-E617-498C-A26E-134490C9474A}.AppStore|iPhone.ActiveCfg = Release|Any CPU
		{6E774576-E617-498C-A26E-134490C9474A}.AppStore|iPhone.Build.0 = Release|Any CPU
		{6E774576-E617-498C-A26E-134490C9474A}.AppStore|iPhone.Deploy.0 = Release|Any CPU
		{6E774576-E617-498C-A26E-134490C9474A}.AppStore|iPhoneSimulator.ActiveCfg = Release|Any CPU
		{6E774576-E617-498C-A26E-134490C9474A}.AppStore|iPhoneSimulator.Build.0 = Release|Any CPU
		{6E774576-E617-498C-A26E-134490C9474A}.AppStore|iPhoneSimulator.Deploy.0 = Release|Any CPU
		{6E774576-E617-498C-A26E-134490C9474A}.AppStore|x64.ActiveCfg = Release|Any CPU
		{6E774576-E617-498C-A26E-134490C9474A}.AppStore|x64.Build.0 = Release|Any CPU
		{6E774576-E617-498C-A26E-134490C9474A}.AppStore|x64.Deploy.0 = Release|Any CPU
		{6E774576-E617-498C-A26E-134490C9474A}.AppStore|x86.ActiveCfg = Release|Any CPU
		{6E774576-E617-498C-A26E-134490C9474A}.AppStore|x86.Build.0 = Release|Any CPU
		{6E774576-E617-498C-A26E-134490C9474A}.AppStore|x86.Deploy.0 = Release|Any CPU
		{6E774576-E617-498C-A26E-134490C9474A}.Debug|Any CPU.ActiveCfg = Debug|Any CPU
		{6E774576-E617-498C-A26E-134490C9474A}.Debug|Any CPU.Build.0 = Debug|Any CPU
		{6E774576-E617-498C-A26E-134490C9474A}.Debug|Any CPU.Deploy.0 = Debug|Any CPU
		{6E774576-E617-498C-A26E-134490C9474A}.Debug|ARM.ActiveCfg = Debug|Any CPU
		{6E774576-E617-498C-A26E-134490C9474A}.Debug|ARM.Build.0 = Debug|Any CPU
		{6E774576-E617-498C-A26E-134490C9474A}.Debug|ARM.Deploy.0 = Debug|Any CPU
		{6E774576-E617-498C-A26E-134490C9474A}.Debug|iPhone.ActiveCfg = Debug|Any CPU
		{6E774576-E617-498C-A26E-134490C9474A}.Debug|iPhone.Build.0 = Debug|Any CPU
		{6E774576-E617-498C-A26E-134490C9474A}.Debug|iPhone.Deploy.0 = Debug|Any CPU
		{6E774576-E617-498C-A26E-134490C9474A}.Debug|iPhoneSimulator.ActiveCfg = Debug|Any CPU
		{6E774576-E617-498C-A26E-134490C9474A}.Debug|iPhoneSimulator.Build.0 = Debug|Any CPU
		{6E774576-E617-498C-A26E-134490C9474A}.Debug|iPhoneSimulator.Deploy.0 = Debug|Any CPU
		{6E774576-E617-498C-A26E-134490C9474A}.Debug|x64.ActiveCfg = Debug|Any CPU
		{6E774576-E617-498C-A26E-134490C9474A}.Debug|x64.Build.0 = Debug|Any CPU
		{6E774576-E617-498C-A26E-134490C9474A}.Debug|x64.Deploy.0 = Debug|Any CPU
		{6E774576-E617-498C-A26E-134490C9474A}.Debug|x86.ActiveCfg = Debug|Any CPU
		{6E774576-E617-498C-A26E-134490C9474A}.Debug|x86.Build.0 = Debug|Any CPU
		{6E774576-E617-498C-A26E-134490C9474A}.Debug|x86.Deploy.0 = Debug|Any CPU
		{6E774576-E617-498C-A26E-134490C9474A}.Release|Any CPU.ActiveCfg = Release|Any CPU
		{6E774576-E617-498C-A26E-134490C9474A}.Release|Any CPU.Build.0 = Release|Any CPU
		{6E774576-E617-498C-A26E-134490C9474A}.Release|Any CPU.Deploy.0 = Release|Any CPU
		{6E774576-E617-498C-A26E-134490C9474A}.Release|ARM.ActiveCfg = Release|Any CPU
		{6E774576-E617-498C-A26E-134490C9474A}.Release|ARM.Build.0 = Release|Any CPU
		{6E774576-E617-498C-A26E-134490C9474A}.Release|ARM.Deploy.0 = Release|Any CPU
		{6E774576-E617-498C-A26E-134490C9474A}.Release|iPhone.ActiveCfg = Release|Any CPU
		{6E774576-E617-498C-A26E-134490C9474A}.Release|iPhone.Build.0 = Release|Any CPU
		{6E774576-E617-498C-A26E-134490C9474A}.Release|iPhone.Deploy.0 = Release|Any CPU
		{6E774576-E617-498C-A26E-134490C9474A}.Release|iPhoneSimulator.ActiveCfg = Release|Any CPU
		{6E774576-E617-498C-A26E-134490C9474A}.Release|iPhoneSimulator.Build.0 = Release|Any CPU
		{6E774576-E617-498C-A26E-134490C9474A}.Release|iPhoneSimulator.Deploy.0 = Release|Any CPU
		{6E774576-E617-498C-A26E-134490C9474A}.Release|x64.ActiveCfg = Release|Any CPU
		{6E774576-E617-498C-A26E-134490C9474A}.Release|x64.Build.0 = Release|Any CPU
		{6E774576-E617-498C-A26E-134490C9474A}.Release|x64.Deploy.0 = Release|Any CPU
		{6E774576-E617-498C-A26E-134490C9474A}.Release|x86.ActiveCfg = Release|Any CPU
		{6E774576-E617-498C-A26E-134490C9474A}.Release|x86.Build.0 = Release|Any CPU
		{6E774576-E617-498C-A26E-134490C9474A}.Release|x86.Deploy.0 = Release|Any CPU
		{EBBA5B70-C7F7-4AE2-A100-5CA26BA67634}.Ad-Hoc|Any CPU.ActiveCfg = Ad-Hoc|iPhoneSimulator
		{EBBA5B70-C7F7-4AE2-A100-5CA26BA67634}.Ad-Hoc|ARM.ActiveCfg = Ad-Hoc|iPhone
		{EBBA5B70-C7F7-4AE2-A100-5CA26BA67634}.Ad-Hoc|iPhone.ActiveCfg = Ad-Hoc|iPhone
		{EBBA5B70-C7F7-4AE2-A100-5CA26BA67634}.Ad-Hoc|iPhone.Build.0 = Ad-Hoc|iPhone
		{EBBA5B70-C7F7-4AE2-A100-5CA26BA67634}.Ad-Hoc|iPhoneSimulator.ActiveCfg = Ad-Hoc|iPhoneSimulator
		{EBBA5B70-C7F7-4AE2-A100-5CA26BA67634}.Ad-Hoc|iPhoneSimulator.Build.0 = Ad-Hoc|iPhoneSimulator
		{EBBA5B70-C7F7-4AE2-A100-5CA26BA67634}.Ad-Hoc|x64.ActiveCfg = Ad-Hoc|iPhone
		{EBBA5B70-C7F7-4AE2-A100-5CA26BA67634}.Ad-Hoc|x86.ActiveCfg = Ad-Hoc|iPhone
		{EBBA5B70-C7F7-4AE2-A100-5CA26BA67634}.AppStore|Any CPU.ActiveCfg = AppStore|iPhoneSimulator
		{EBBA5B70-C7F7-4AE2-A100-5CA26BA67634}.AppStore|ARM.ActiveCfg = AppStore|iPhone
		{EBBA5B70-C7F7-4AE2-A100-5CA26BA67634}.AppStore|iPhone.ActiveCfg = AppStore|iPhone
		{EBBA5B70-C7F7-4AE2-A100-5CA26BA67634}.AppStore|iPhone.Build.0 = AppStore|iPhone
		{EBBA5B70-C7F7-4AE2-A100-5CA26BA67634}.AppStore|iPhoneSimulator.ActiveCfg = AppStore|iPhoneSimulator
		{EBBA5B70-C7F7-4AE2-A100-5CA26BA67634}.AppStore|iPhoneSimulator.Build.0 = AppStore|iPhoneSimulator
		{EBBA5B70-C7F7-4AE2-A100-5CA26BA67634}.AppStore|x64.ActiveCfg = AppStore|iPhone
		{EBBA5B70-C7F7-4AE2-A100-5CA26BA67634}.AppStore|x86.ActiveCfg = AppStore|iPhone
		{EBBA5B70-C7F7-4AE2-A100-5CA26BA67634}.Debug|Any CPU.ActiveCfg = Debug|iPhoneSimulator
		{EBBA5B70-C7F7-4AE2-A100-5CA26BA67634}.Debug|ARM.ActiveCfg = Debug|iPhone
		{EBBA5B70-C7F7-4AE2-A100-5CA26BA67634}.Debug|iPhone.ActiveCfg = Debug|iPhone
		{EBBA5B70-C7F7-4AE2-A100-5CA26BA67634}.Debug|iPhone.Build.0 = Debug|iPhone
		{EBBA5B70-C7F7-4AE2-A100-5CA26BA67634}.Debug|iPhoneSimulator.ActiveCfg = Debug|iPhoneSimulator
		{EBBA5B70-C7F7-4AE2-A100-5CA26BA67634}.Debug|iPhoneSimulator.Build.0 = Debug|iPhoneSimulator
		{EBBA5B70-C7F7-4AE2-A100-5CA26BA67634}.Debug|x64.ActiveCfg = Debug|iPhone
		{EBBA5B70-C7F7-4AE2-A100-5CA26BA67634}.Debug|x86.ActiveCfg = Debug|iPhone
		{EBBA5B70-C7F7-4AE2-A100-5CA26BA67634}.Release|Any CPU.ActiveCfg = Release|iPhoneSimulator
		{EBBA5B70-C7F7-4AE2-A100-5CA26BA67634}.Release|ARM.ActiveCfg = Release|iPhone
		{EBBA5B70-C7F7-4AE2-A100-5CA26BA67634}.Release|iPhone.ActiveCfg = Release|iPhone
		{EBBA5B70-C7F7-4AE2-A100-5CA26BA67634}.Release|iPhone.Build.0 = Release|iPhone
		{EBBA5B70-C7F7-4AE2-A100-5CA26BA67634}.Release|iPhoneSimulator.ActiveCfg = Release|iPhoneSimulator
		{EBBA5B70-C7F7-4AE2-A100-5CA26BA67634}.Release|iPhoneSimulator.Build.0 = Release|iPhoneSimulator
		{EBBA5B70-C7F7-4AE2-A100-5CA26BA67634}.Release|x64.ActiveCfg = Release|iPhone
		{EBBA5B70-C7F7-4AE2-A100-5CA26BA67634}.Release|x86.ActiveCfg = Release|iPhone
		{990B09BC-A6CB-4447-A2A6-09B128D3A479}.Ad-Hoc|Any CPU.ActiveCfg = Release|x86
		{990B09BC-A6CB-4447-A2A6-09B128D3A479}.Ad-Hoc|Any CPU.Build.0 = Release|x86
		{990B09BC-A6CB-4447-A2A6-09B128D3A479}.Ad-Hoc|Any CPU.Deploy.0 = Release|x86
		{990B09BC-A6CB-4447-A2A6-09B128D3A479}.Ad-Hoc|ARM.ActiveCfg = Release|ARM
		{990B09BC-A6CB-4447-A2A6-09B128D3A479}.Ad-Hoc|ARM.Build.0 = Release|ARM
		{990B09BC-A6CB-4447-A2A6-09B128D3A479}.Ad-Hoc|ARM.Deploy.0 = Release|ARM
		{990B09BC-A6CB-4447-A2A6-09B128D3A479}.Ad-Hoc|iPhone.ActiveCfg = Release|x86
		{990B09BC-A6CB-4447-A2A6-09B128D3A479}.Ad-Hoc|iPhone.Build.0 = Release|x86
		{990B09BC-A6CB-4447-A2A6-09B128D3A479}.Ad-Hoc|iPhone.Deploy.0 = Release|x86
		{990B09BC-A6CB-4447-A2A6-09B128D3A479}.Ad-Hoc|iPhoneSimulator.ActiveCfg = Release|x86
		{990B09BC-A6CB-4447-A2A6-09B128D3A479}.Ad-Hoc|iPhoneSimulator.Build.0 = Release|x86
		{990B09BC-A6CB-4447-A2A6-09B128D3A479}.Ad-Hoc|iPhoneSimulator.Deploy.0 = Release|x86
		{990B09BC-A6CB-4447-A2A6-09B128D3A479}.Ad-Hoc|x64.ActiveCfg = Release|x64
		{990B09BC-A6CB-4447-A2A6-09B128D3A479}.Ad-Hoc|x64.Build.0 = Release|x64
		{990B09BC-A6CB-4447-A2A6-09B128D3A479}.Ad-Hoc|x64.Deploy.0 = Release|x64
		{990B09BC-A6CB-4447-A2A6-09B128D3A479}.Ad-Hoc|x86.ActiveCfg = Release|x86
		{990B09BC-A6CB-4447-A2A6-09B128D3A479}.Ad-Hoc|x86.Build.0 = Release|x86
		{990B09BC-A6CB-4447-A2A6-09B128D3A479}.Ad-Hoc|x86.Deploy.0 = Release|x86
		{990B09BC-A6CB-4447-A2A6-09B128D3A479}.AppStore|Any CPU.ActiveCfg = Release|x86
		{990B09BC-A6CB-4447-A2A6-09B128D3A479}.AppStore|Any CPU.Build.0 = Release|x86
		{990B09BC-A6CB-4447-A2A6-09B128D3A479}.AppStore|Any CPU.Deploy.0 = Release|x86
		{990B09BC-A6CB-4447-A2A6-09B128D3A479}.AppStore|ARM.ActiveCfg = Release|ARM
		{990B09BC-A6CB-4447-A2A6-09B128D3A479}.AppStore|ARM.Build.0 = Release|ARM
		{990B09BC-A6CB-4447-A2A6-09B128D3A479}.AppStore|ARM.Deploy.0 = Release|ARM
		{990B09BC-A6CB-4447-A2A6-09B128D3A479}.AppStore|iPhone.ActiveCfg = Release|x86
		{990B09BC-A6CB-4447-A2A6-09B128D3A479}.AppStore|iPhone.Build.0 = Release|x86
		{990B09BC-A6CB-4447-A2A6-09B128D3A479}.AppStore|iPhone.Deploy.0 = Release|x86
		{990B09BC-A6CB-4447-A2A6-09B128D3A479}.AppStore|iPhoneSimulator.ActiveCfg = Release|x86
		{990B09BC-A6CB-4447-A2A6-09B128D3A479}.AppStore|iPhoneSimulator.Build.0 = Release|x86
		{990B09BC-A6CB-4447-A2A6-09B128D3A479}.AppStore|iPhoneSimulator.Deploy.0 = Release|x86
		{990B09BC-A6CB-4447-A2A6-09B128D3A479}.AppStore|x64.ActiveCfg = Release|x64
		{990B09BC-A6CB-4447-A2A6-09B128D3A479}.AppStore|x64.Build.0 = Release|x64
		{990B09BC-A6CB-4447-A2A6-09B128D3A479}.AppStore|x64.Deploy.0 = Release|x64
		{990B09BC-A6CB-4447-A2A6-09B128D3A479}.AppStore|x86.ActiveCfg = Release|x86
		{990B09BC-A6CB-4447-A2A6-09B128D3A479}.AppStore|x86.Build.0 = Release|x86
		{990B09BC-A6CB-4447-A2A6-09B128D3A479}.AppStore|x86.Deploy.0 = Release|x86
		{990B09BC-A6CB-4447-A2A6-09B128D3A479}.Debug|Any CPU.ActiveCfg = Debug|x86
		{990B09BC-A6CB-4447-A2A6-09B128D3A479}.Debug|ARM.ActiveCfg = Debug|ARM
		{990B09BC-A6CB-4447-A2A6-09B128D3A479}.Debug|ARM.Build.0 = Debug|ARM
		{990B09BC-A6CB-4447-A2A6-09B128D3A479}.Debug|ARM.Deploy.0 = Debug|ARM
		{990B09BC-A6CB-4447-A2A6-09B128D3A479}.Debug|iPhone.ActiveCfg = Debug|x86
		{990B09BC-A6CB-4447-A2A6-09B128D3A479}.Debug|iPhoneSimulator.ActiveCfg = Debug|x86
		{990B09BC-A6CB-4447-A2A6-09B128D3A479}.Debug|x64.ActiveCfg = Debug|x64
		{990B09BC-A6CB-4447-A2A6-09B128D3A479}.Debug|x64.Build.0 = Debug|x64
		{990B09BC-A6CB-4447-A2A6-09B128D3A479}.Debug|x64.Deploy.0 = Debug|x64
		{990B09BC-A6CB-4447-A2A6-09B128D3A479}.Debug|x86.ActiveCfg = Debug|x86
		{990B09BC-A6CB-4447-A2A6-09B128D3A479}.Debug|x86.Build.0 = Debug|x86
		{990B09BC-A6CB-4447-A2A6-09B128D3A479}.Debug|x86.Deploy.0 = Debug|x86
		{990B09BC-A6CB-4447-A2A6-09B128D3A479}.Release|Any CPU.ActiveCfg = Release|x86
		{990B09BC-A6CB-4447-A2A6-09B128D3A479}.Release|ARM.ActiveCfg = Release|ARM
		{990B09BC-A6CB-4447-A2A6-09B128D3A479}.Release|ARM.Build.0 = Release|ARM
		{990B09BC-A6CB-4447-A2A6-09B128D3A479}.Release|ARM.Deploy.0 = Release|ARM
		{990B09BC-A6CB-4447-A2A6-09B128D3A479}.Release|iPhone.ActiveCfg = Release|x86
		{990B09BC-A6CB-4447-A2A6-09B128D3A479}.Release|iPhoneSimulator.ActiveCfg = Release|x86
		{990B09BC-A6CB-4447-A2A6-09B128D3A479}.Release|x64.ActiveCfg = Release|x64
		{990B09BC-A6CB-4447-A2A6-09B128D3A479}.Release|x64.Build.0 = Release|x64
		{990B09BC-A6CB-4447-A2A6-09B128D3A479}.Release|x64.Deploy.0 = Release|x64
		{990B09BC-A6CB-4447-A2A6-09B128D3A479}.Release|x86.ActiveCfg = Release|x86
		{990B09BC-A6CB-4447-A2A6-09B128D3A479}.Release|x86.Build.0 = Release|x86
		{990B09BC-A6CB-4447-A2A6-09B128D3A479}.Release|x86.Deploy.0 = Release|x86
	EndGlobalSection
	GlobalSection(SolutionProperties) = preSolution
		HideSolutionNode = FALSE
	EndGlobalSection
	GlobalSection(ExtensibilityGlobals) = postSolution
		SolutionGuid = {A478E97B-6AF7-4FCA-9F7F-6B2F32D03A38}
	EndGlobalSection
EndGlobal
